
Microsoft Visual Studio Solution File, Format Version 12.00
# Visual Studio 2013
VisualStudioVersion = 12.0.30501.0
MinimumVisualStudioVersion = 10.0.40219.1
Project("{FAE04EC0-301F-11D3-BF4B-00C04F79EFBC}") = "Examensarbete", "Examensarbete\Examensarbete.csproj", "{78AB2730-AE3A-4006-8509-7313600D225A}"
EndProject
Project("{FAE04EC0-301F-11D3-BF4B-00C04F79EFBC}") = "Examensarbete.Tests", "Examensarbete.Tests\Examensarbete.Tests.csproj", "{B3A63EA3-B111-42D2-BA0D-4B4216F3BD6F}"
EndProject
Project("{FAE04EC0-301F-11D3-BF4B-00C04F79EFBC}") = "Domain", "Domain\Domain.csproj", "{BD186A66-730B-41E6-868F-D90080E40CB5}"
EndProject
Project("{FAE04EC0-301F-11D3-BF4B-00C04F79EFBC}") = "Service", "Service\Service.csproj", "{39CD3934-A3C9-4DD7-8DE6-4E9408340A10}"
EndProject
Global
	GlobalSection(SolutionConfigurationPlatforms) = preSolution
		Debug|Any CPU = Debug|Any CPU
		Release|Any CPU = Release|Any CPU
	EndGlobalSection
	GlobalSection(ProjectConfigurationPlatforms) = postSolution
		{78AB2730-AE3A-4006-8509-7313600D225A}.Debug|Any CPU.ActiveCfg = Debug|Any CPU
		{78AB2730-AE3A-4006-8509-7313600D225A}.Debug|Any CPU.Build.0 = Debug|Any CPU
		{78AB2730-AE3A-4006-8509-7313600D225A}.Release|Any CPU.ActiveCfg = Release|Any CPU
		{78AB2730-AE3A-4006-8509-7313600D225A}.Release|Any CPU.Build.0 = Release|Any CPU
		{B3A63EA3-B111-42D2-BA0D-4B4216F3BD6F}.Debug|Any CPU.ActiveCfg = Debug|Any CPU
		{B3A63EA3-B111-42D2-BA0D-4B4216F3BD6F}.Debug|Any CPU.Build.0 = Debug|Any CPU
		{B3A63EA3-B111-42D2-BA0D-4B4216F3BD6F}.Release|Any CPU.ActiveCfg = Release|Any CPU
		{B3A63EA3-B111-42D2-BA0D-4B4216F3BD6F}.Release|Any CPU.Build.0 = Release|Any CPU
		{BD186A66-730B-41E6-868F-D90080E40CB5}.Debug|Any CPU.ActiveCfg = Debug|Any CPU
		{BD186A66-730B-41E6-868F-D90080E40CB5}.Debug|Any CPU.Build.0 = Debug|Any CPU
		{BD186A66-730B-41E6-868F-D90080E40CB5}.Release|Any CPU.ActiveCfg = Release|Any CPU
		{BD186A66-730B-41E6-868F-D90080E40CB5}.Release|Any CPU.Build.0 = Release|Any CPU
		{39CD3934-A3C9-4DD7-8DE6-4E9408340A10}.Debug|Any CPU.ActiveCfg = Debug|Any CPU
		{39CD3934-A3C9-4DD7-8DE6-4E9408340A10}.Debug|Any CPU.Build.0 = Debug|Any CPU
		{39CD3934-A3C9-4DD7-8DE6-4E9408340A10}.Release|Any CPU.ActiveCfg = Release|Any CPU
		{39CD3934-A3C9-4DD7-8DE6-4E9408340A10}.Release|Any CPU.Build.0 = Release|Any CPU
	EndGlobalSection
	GlobalSection(SolutionProperties) = preSolution
		HideSolutionNode = FALSE
	EndGlobalSection
EndGlobal
